
Microsoft Visual Studio Solution File, Format Version 12.00
# Visual Studio Version 16
VisualStudioVersion = 16.0.33927.289
MinimumVisualStudioVersion = 10.0.40219.1
Project("{FAE04EC0-301F-11D3-BF4B-00C04F79EFBC}") = "Assignment_6", "Assignment_6\Assignment_6.csproj", "{1F97B048-D6CA-47BD-A439-D4111F9363CB}"
EndProject
Project("{FAE04EC0-301F-11D3-BF4B-00C04F79EFBC}") = "Question_1", "Question_1\Question_1.csproj", "{3E649214-C7EE-47A4-B88E-0C599F4CC7FE}"
EndProject
Global
	GlobalSection(SolutionConfigurationPlatforms) = preSolution
		Debug|Any CPU = Debug|Any CPU
		Release|Any CPU = Release|Any CPU
	EndGlobalSection
	GlobalSection(ProjectConfigurationPlatforms) = postSolution
		{1F97B048-D6CA-47BD-A439-D4111F9363CB}.Debug|Any CPU.ActiveCfg = Debug|Any CPU
		{1F97B048-D6CA-47BD-A439-D4111F9363CB}.Debug|Any CPU.Build.0 = Debug|Any CPU
		{1F97B048-D6CA-47BD-A439-D4111F9363CB}.Release|Any CPU.ActiveCfg = Release|Any CPU
		{1F97B048-D6CA-47BD-A439-D4111F9363CB}.Release|Any CPU.Build.0 = Release|Any CPU
		{3E649214-C7EE-47A4-B88E-0C599F4CC7FE}.Debug|Any CPU.ActiveCfg = Debug|Any CPU
		{3E649214-C7EE-47A4-B88E-0C599F4CC7FE}.Debug|Any CPU.Build.0 = Debug|Any CPU
		{3E649214-C7EE-47A4-B88E-0C599F4CC7FE}.Release|Any CPU.ActiveCfg = Release|Any CPU
		{3E649214-C7EE-47A4-B88E-0C599F4CC7FE}.Release|Any CPU.Build.0 = Release|Any CPU
	EndGlobalSection
	GlobalSection(SolutionProperties) = preSolution
		HideSolutionNode = FALSE
	EndGlobalSection
	GlobalSection(ExtensibilityGlobals) = postSolution
		SolutionGuid = {9747AEFC-B45D-4FB6-A263-AD7BCC8E1531}
	EndGlobalSection
EndGlobal
