
Microsoft Visual Studio Solution File, Format Version 12.00
# Visual Studio Version 16
VisualStudioVersion = 16.0.33927.289
MinimumVisualStudioVersion = 10.0.40219.1
Project("{FAE04EC0-301F-11D3-BF4B-00C04F79EFBC}") = "Assignment_8", "Assignment_8.csproj", "{E3497577-1324-4076-9256-A7C367A6D671}"
EndProject
Global
	GlobalSection(SolutionConfigurationPlatforms) = preSolution
		Debug|Any CPU = Debug|Any CPU
		Release|Any CPU = Release|Any CPU
	EndGlobalSection
	GlobalSection(ProjectConfigurationPlatforms) = postSolution
		{E3497577-1324-4076-9256-A7C367A6D671}.Debug|Any CPU.ActiveCfg = Debug|Any CPU
		{E3497577-1324-4076-9256-A7C367A6D671}.Debug|Any CPU.Build.0 = Debug|Any CPU
		{E3497577-1324-4076-9256-A7C367A6D671}.Release|Any CPU.ActiveCfg = Release|Any CPU
		{E3497577-1324-4076-9256-A7C367A6D671}.Release|Any CPU.Build.0 = Release|Any CPU
	EndGlobalSection
	GlobalSection(SolutionProperties) = preSolution
		HideSolutionNode = FALSE
	EndGlobalSection
	GlobalSection(ExtensibilityGlobals) = postSolution
		SolutionGuid = {16646FC1-00BC-46EF-9144-E348B2C02445}
	EndGlobalSection
EndGlobal
