
Microsoft Visual Studio Solution File, Format Version 12.00
# Visual Studio Version 16
VisualStudioVersion = 16.0.33927.289
MinimumVisualStudioVersion = 10.0.40219.1
Project("{FAE04EC0-301F-11D3-BF4B-00C04F79EFBC}") = "CodeBase_4.1", "CodeBase_4.1.csproj", "{6957D32C-FE66-4707-9499-7761C9C5123F}"
EndProject
Project("{FAE04EC0-301F-11D3-BF4B-00C04F79EFBC}") = "CodeBase_4.2", "..\Question_2\CodeBase_4.2.csproj", "{BF808E9F-C499-48AE-A1C2-92458D4018DB}"
EndProject
Project("{FAE04EC0-301F-11D3-BF4B-00C04F79EFBC}") = "CodeBase_4.3", "..\Question_3\CodeBase_4.3.csproj", "{14E7ACF1-0952-4CB7-9F6E-FFCA551CB99E}"
EndProject
Global
	GlobalSection(SolutionConfigurationPlatforms) = preSolution
		Debug|Any CPU = Debug|Any CPU
		Release|Any CPU = Release|Any CPU
	EndGlobalSection
	GlobalSection(ProjectConfigurationPlatforms) = postSolution
		{6957D32C-FE66-4707-9499-7761C9C5123F}.Debug|Any CPU.ActiveCfg = Debug|Any CPU
		{6957D32C-FE66-4707-9499-7761C9C5123F}.Debug|Any CPU.Build.0 = Debug|Any CPU
		{6957D32C-FE66-4707-9499-7761C9C5123F}.Release|Any CPU.ActiveCfg = Release|Any CPU
		{6957D32C-FE66-4707-9499-7761C9C5123F}.Release|Any CPU.Build.0 = Release|Any CPU
		{BF808E9F-C499-48AE-A1C2-92458D4018DB}.Debug|Any CPU.ActiveCfg = Debug|Any CPU
		{BF808E9F-C499-48AE-A1C2-92458D4018DB}.Debug|Any CPU.Build.0 = Debug|Any CPU
		{BF808E9F-C499-48AE-A1C2-92458D4018DB}.Release|Any CPU.ActiveCfg = Release|Any CPU
		{BF808E9F-C499-48AE-A1C2-92458D4018DB}.Release|Any CPU.Build.0 = Release|Any CPU
		{14E7ACF1-0952-4CB7-9F6E-FFCA551CB99E}.Debug|Any CPU.ActiveCfg = Debug|Any CPU
		{14E7ACF1-0952-4CB7-9F6E-FFCA551CB99E}.Debug|Any CPU.Build.0 = Debug|Any CPU
		{14E7ACF1-0952-4CB7-9F6E-FFCA551CB99E}.Release|Any CPU.ActiveCfg = Release|Any CPU
		{14E7ACF1-0952-4CB7-9F6E-FFCA551CB99E}.Release|Any CPU.Build.0 = Release|Any CPU
	EndGlobalSection
	GlobalSection(SolutionProperties) = preSolution
		HideSolutionNode = FALSE
	EndGlobalSection
	GlobalSection(ExtensibilityGlobals) = postSolution
		SolutionGuid = {3291E96A-4A49-46AC-AA8A-769CBCFDB772}
	EndGlobalSection
EndGlobal
