
Microsoft Visual Studio Solution File, Format Version 12.00
# Visual Studio Version 16
VisualStudioVersion = 16.0.33927.289
MinimumVisualStudioVersion = 10.0.40219.1
Project("{FAE04EC0-301F-11D3-BF4B-00C04F79EFBC}") = "Assignment_1", "Assignment_1\Assignment_1.csproj", "{BCD0286A-6718-4B04-8AB7-B8C0DC1266BE}"
EndProject
Global
	GlobalSection(SolutionConfigurationPlatforms) = preSolution
		Debug|Any CPU = Debug|Any CPU
		Release|Any CPU = Release|Any CPU
	EndGlobalSection
	GlobalSection(ProjectConfigurationPlatforms) = postSolution
		{BCD0286A-6718-4B04-8AB7-B8C0DC1266BE}.Debug|Any CPU.ActiveCfg = Debug|Any CPU
		{BCD0286A-6718-4B04-8AB7-B8C0DC1266BE}.Debug|Any CPU.Build.0 = Debug|Any CPU
		{BCD0286A-6718-4B04-8AB7-B8C0DC1266BE}.Release|Any CPU.ActiveCfg = Release|Any CPU
		{BCD0286A-6718-4B04-8AB7-B8C0DC1266BE}.Release|Any CPU.Build.0 = Release|Any CPU
	EndGlobalSection
	GlobalSection(SolutionProperties) = preSolution
		HideSolutionNode = FALSE
	EndGlobalSection
	GlobalSection(ExtensibilityGlobals) = postSolution
		SolutionGuid = {ABE21CFA-A8FA-4ACC-9DA1-2FE17CDA3200}
	EndGlobalSection
EndGlobal
