
Microsoft Visual Studio Solution File, Format Version 12.00
# Visual Studio Version 16
VisualStudioVersion = 16.0.33927.289
MinimumVisualStudioVersion = 10.0.40219.1
Project("{FAE04EC0-301F-11D3-BF4B-00C04F79EFBC}") = "Assignment_2", "Assignment_2\Assignment_2.csproj", "{7ACE5CD5-7969-44CE-9D71-1CEF36AE868E}"
EndProject
Global
	GlobalSection(SolutionConfigurationPlatforms) = preSolution
		Debug|Any CPU = Debug|Any CPU
		Release|Any CPU = Release|Any CPU
	EndGlobalSection
	GlobalSection(ProjectConfigurationPlatforms) = postSolution
		{7ACE5CD5-7969-44CE-9D71-1CEF36AE868E}.Debug|Any CPU.ActiveCfg = Debug|Any CPU
		{7ACE5CD5-7969-44CE-9D71-1CEF36AE868E}.Debug|Any CPU.Build.0 = Debug|Any CPU
		{7ACE5CD5-7969-44CE-9D71-1CEF36AE868E}.Release|Any CPU.ActiveCfg = Release|Any CPU
		{7ACE5CD5-7969-44CE-9D71-1CEF36AE868E}.Release|Any CPU.Build.0 = Release|Any CPU
	EndGlobalSection
	GlobalSection(SolutionProperties) = preSolution
		HideSolutionNode = FALSE
	EndGlobalSection
	GlobalSection(ExtensibilityGlobals) = postSolution
		SolutionGuid = {C9A42326-7EA2-49E5-9057-CC3C83E30E06}
	EndGlobalSection
EndGlobal
